
Microsoft Visual Studio Solution File, Format Version 12.00
# Visual Studio Version 17
VisualStudioVersion = 17.4.33103.184
MinimumVisualStudioVersion = 10.0.40219.1
Project("{54A90642-561A-4BB1-A94E-469ADEE60C69}") = "client", "Client\client.esproj", "{944EEA13-EF90-4E75-BBE6-1B952CD382AA}"
EndProject
Project("{9A19103F-16F7-4668-BE54-9A1E7A4F7556}") = "MenuItemService", "MenuItemService\MenuItemService.csproj", "{5609348C-3A0D-47EF-9DF9-6E6597AA4FA4}"
EndProject
Project("{9A19103F-16F7-4668-BE54-9A1E7A4F7556}") = "Common", "Common\Common.csproj", "{C00880DC-F96D-479A-892D-1B07DE27ABA6}"
EndProject
Project("{9A19103F-16F7-4668-BE54-9A1E7A4F7556}") = "ReviewService", "ReviewService\ReviewService.csproj", "{E8E20225-D50A-490E-A916-6C88BE061384}"
EndProject
Project("{FAE04EC0-301F-11D3-BF4B-00C04F79EFBC}") = "OrderService", "OrderService\OrderService.csproj", "{356B9555-3B9E-4FA6-8860-74DCD4254B8E}"
EndProject
Global
	GlobalSection(SolutionConfigurationPlatforms) = preSolution
		Debug|Any CPU = Debug|Any CPU
		Release|Any CPU = Release|Any CPU
	EndGlobalSection
	GlobalSection(ProjectConfigurationPlatforms) = postSolution
		{944EEA13-EF90-4E75-BBE6-1B952CD382AA}.Debug|Any CPU.ActiveCfg = Debug|Any CPU
		{944EEA13-EF90-4E75-BBE6-1B952CD382AA}.Debug|Any CPU.Build.0 = Debug|Any CPU
		{944EEA13-EF90-4E75-BBE6-1B952CD382AA}.Debug|Any CPU.Deploy.0 = Debug|Any CPU
		{944EEA13-EF90-4E75-BBE6-1B952CD382AA}.Release|Any CPU.ActiveCfg = Release|Any CPU
		{944EEA13-EF90-4E75-BBE6-1B952CD382AA}.Release|Any CPU.Build.0 = Release|Any CPU
		{944EEA13-EF90-4E75-BBE6-1B952CD382AA}.Release|Any CPU.Deploy.0 = Release|Any CPU
		{5609348C-3A0D-47EF-9DF9-6E6597AA4FA4}.Debug|Any CPU.ActiveCfg = Debug|Any CPU
		{5609348C-3A0D-47EF-9DF9-6E6597AA4FA4}.Debug|Any CPU.Build.0 = Debug|Any CPU
		{5609348C-3A0D-47EF-9DF9-6E6597AA4FA4}.Release|Any CPU.ActiveCfg = Release|Any CPU
		{5609348C-3A0D-47EF-9DF9-6E6597AA4FA4}.Release|Any CPU.Build.0 = Release|Any CPU
		{C00880DC-F96D-479A-892D-1B07DE27ABA6}.Debug|Any CPU.ActiveCfg = Debug|Any CPU
		{C00880DC-F96D-479A-892D-1B07DE27ABA6}.Debug|Any CPU.Build.0 = Debug|Any CPU
		{C00880DC-F96D-479A-892D-1B07DE27ABA6}.Release|Any CPU.ActiveCfg = Release|Any CPU
		{C00880DC-F96D-479A-892D-1B07DE27ABA6}.Release|Any CPU.Build.0 = Release|Any CPU
		{E8E20225-D50A-490E-A916-6C88BE061384}.Debug|Any CPU.ActiveCfg = Debug|Any CPU
		{E8E20225-D50A-490E-A916-6C88BE061384}.Debug|Any CPU.Build.0 = Debug|Any CPU
		{E8E20225-D50A-490E-A916-6C88BE061384}.Release|Any CPU.ActiveCfg = Release|Any CPU
		{E8E20225-D50A-490E-A916-6C88BE061384}.Release|Any CPU.Build.0 = Release|Any CPU
		{356B9555-3B9E-4FA6-8860-74DCD4254B8E}.Debug|Any CPU.ActiveCfg = Debug|Any CPU
		{356B9555-3B9E-4FA6-8860-74DCD4254B8E}.Debug|Any CPU.Build.0 = Debug|Any CPU
		{356B9555-3B9E-4FA6-8860-74DCD4254B8E}.Release|Any CPU.ActiveCfg = Release|Any CPU
		{356B9555-3B9E-4FA6-8860-74DCD4254B8E}.Release|Any CPU.Build.0 = Release|Any CPU
	EndGlobalSection
	GlobalSection(SolutionProperties) = preSolution
		HideSolutionNode = FALSE
	EndGlobalSection
	GlobalSection(ExtensibilityGlobals) = postSolution
		SolutionGuid = {3CBC3625-12FD-4FC9-9429-3DA19E6890B1}
	EndGlobalSection
EndGlobal
